
Microsoft Visual Studio Solution File, Format Version 12.00
# Visual Studio Version 17
VisualStudioVersion = 17.8.34601.278
MinimumVisualStudioVersion = 10.0.40219.1
Project("{9A19103F-16F7-4668-BE54-9A1E7A4F7556}") = "DVF-API", "DVF-API\DVF-API.csproj", "{EDEE1039-D95E-4830-8D3A-728B23FF6B3A}"
EndProject
Project("{FAE04EC0-301F-11D3-BF4B-00C04F79EFBC}") = "IOT-Simulator", "IOT-Simulator\IOT-Simulator.csproj", "{3F7220A4-665D-4D46-A904-817E05C4F31E}"
EndProject
Project("{FAE04EC0-301F-11D3-BF4B-00C04F79EFBC}") = "Dev-API", "Dev-API\Dev-API.csproj", "{52388E38-EEE5-4E3B-875F-8A873A84D082}"
EndProject
Global
	GlobalSection(SolutionConfigurationPlatforms) = preSolution
		Debug|Any CPU = Debug|Any CPU
		Release|Any CPU = Release|Any CPU
	EndGlobalSection
	GlobalSection(ProjectConfigurationPlatforms) = postSolution
		{EDEE1039-D95E-4830-8D3A-728B23FF6B3A}.Debug|Any CPU.ActiveCfg = Debug|Any CPU
		{EDEE1039-D95E-4830-8D3A-728B23FF6B3A}.Debug|Any CPU.Build.0 = Debug|Any CPU
		{EDEE1039-D95E-4830-8D3A-728B23FF6B3A}.Release|Any CPU.ActiveCfg = Release|Any CPU
		{EDEE1039-D95E-4830-8D3A-728B23FF6B3A}.Release|Any CPU.Build.0 = Release|Any CPU
		{3F7220A4-665D-4D46-A904-817E05C4F31E}.Debug|Any CPU.ActiveCfg = Debug|Any CPU
		{3F7220A4-665D-4D46-A904-817E05C4F31E}.Debug|Any CPU.Build.0 = Debug|Any CPU
		{3F7220A4-665D-4D46-A904-817E05C4F31E}.Release|Any CPU.ActiveCfg = Release|Any CPU
		{3F7220A4-665D-4D46-A904-817E05C4F31E}.Release|Any CPU.Build.0 = Release|Any CPU
		{52388E38-EEE5-4E3B-875F-8A873A84D082}.Debug|Any CPU.ActiveCfg = Debug|Any CPU
		{52388E38-EEE5-4E3B-875F-8A873A84D082}.Debug|Any CPU.Build.0 = Debug|Any CPU
		{52388E38-EEE5-4E3B-875F-8A873A84D082}.Release|Any CPU.ActiveCfg = Release|Any CPU
		{52388E38-EEE5-4E3B-875F-8A873A84D082}.Release|Any CPU.Build.0 = Release|Any CPU
	EndGlobalSection
	GlobalSection(SolutionProperties) = preSolution
		HideSolutionNode = FALSE
	EndGlobalSection
	GlobalSection(ExtensibilityGlobals) = postSolution
		SolutionGuid = {3E8CB60B-0E35-4ECE-BF78-2A540D663910}
	EndGlobalSection
EndGlobal
