
Microsoft Visual Studio Solution File, Format Version 12.00
# Visual Studio Version 17
VisualStudioVersion = 17.8.34601.278
MinimumVisualStudioVersion = 10.0.40219.1
Project("{FAE04EC0-301F-11D3-BF4B-00C04F79EFBC}") = "DVF-API", "DVF-API\DVF-API.csproj", "{EDEE1039-D95E-4830-8D3A-728B23FF6B3A}"
EndProject
Global
	GlobalSection(SolutionConfigurationPlatforms) = preSolution
		Debug|Any CPU = Debug|Any CPU
		Release|Any CPU = Release|Any CPU
	EndGlobalSection
	GlobalSection(ProjectConfigurationPlatforms) = postSolution
		{EDEE1039-D95E-4830-8D3A-728B23FF6B3A}.Debug|Any CPU.ActiveCfg = Debug|Any CPU
		{EDEE1039-D95E-4830-8D3A-728B23FF6B3A}.Debug|Any CPU.Build.0 = Debug|Any CPU
		{EDEE1039-D95E-4830-8D3A-728B23FF6B3A}.Release|Any CPU.ActiveCfg = Release|Any CPU
		{EDEE1039-D95E-4830-8D3A-728B23FF6B3A}.Release|Any CPU.Build.0 = Release|Any CPU
	EndGlobalSection
	GlobalSection(SolutionProperties) = preSolution
		HideSolutionNode = FALSE
	EndGlobalSection
	GlobalSection(ExtensibilityGlobals) = postSolution
		SolutionGuid = {3E8CB60B-0E35-4ECE-BF78-2A540D663910}
	EndGlobalSection
EndGlobal
